
Microsoft Visual Studio Solution File, Format Version 12.00
# Visual Studio 15
VisualStudioVersion = 15.0.28010.2046
MinimumVisualStudioVersion = 10.0.40219.1
Project("{FAE04EC0-301F-11D3-BF4B-00C04F79EFBC}") = "PragmaticUnitTesting", "PragmaticUnitTesting\PragmaticUnitTesting.csproj", "{FAAD0F8B-05C8-4C32-B90A-9114BEC180BA}"
EndProject
Global
	GlobalSection(SolutionConfigurationPlatforms) = preSolution
		Debug|Any CPU = Debug|Any CPU
		Release|Any CPU = Release|Any CPU
	EndGlobalSection
	GlobalSection(ProjectConfigurationPlatforms) = postSolution
		{FAAD0F8B-05C8-4C32-B90A-9114BEC180BA}.Debug|Any CPU.ActiveCfg = Debug|Any CPU
		{FAAD0F8B-05C8-4C32-B90A-9114BEC180BA}.Debug|Any CPU.Build.0 = Debug|Any CPU
		{FAAD0F8B-05C8-4C32-B90A-9114BEC180BA}.Release|Any CPU.ActiveCfg = Release|Any CPU
		{FAAD0F8B-05C8-4C32-B90A-9114BEC180BA}.Release|Any CPU.Build.0 = Release|Any CPU
	EndGlobalSection
	GlobalSection(SolutionProperties) = preSolution
		HideSolutionNode = FALSE
	EndGlobalSection
	GlobalSection(ExtensibilityGlobals) = postSolution
		SolutionGuid = {90391C62-B973-4F1B-9D78-E790311CE98B}
	EndGlobalSection
EndGlobal
